
Microsoft Visual Studio Solution File, Format Version 12.00
# Visual Studio Version 17
VisualStudioVersion = 17.8.34511.84
MinimumVisualStudioVersion = 10.0.40219.1
Project("{9A19103F-16F7-4668-BE54-9A1E7A4F7556}") = "WebStore", "Store\WebStore.csproj", "{9B7A03A1-034B-4046-8591-E67B9350708D}"
EndProject
Project("{9A19103F-16F7-4668-BE54-9A1E7A4F7556}") = "WebApplication_Data", "WebStore.Data\WebApplication_Data.csproj", "{18E896B7-9DE2-4B12-B20E-DC652AA7039C}"
EndProject
Project("{9A19103F-16F7-4668-BE54-9A1E7A4F7556}") = "WebApplication_Models", "WebStore.Models\WebApplication_Models.csproj", "{0425CEC6-23BF-4FD0-9BDB-9F2B0393FB32}"
EndProject
Project("{9A19103F-16F7-4668-BE54-9A1E7A4F7556}") = "WebApplication_Attributes", "WebStore.Attributes\WebApplication_Attributes.csproj", "{2239EE62-9BC4-49B8-A567-1F3A1557AA54}"
EndProject
Project("{FAE04EC0-301F-11D3-BF4B-00C04F79EFBC}") = "WebApplication_IServices", "WebApplication_IServices\WebApplication_IServices.csproj", "{7F3B54CA-8B13-40F7-B182-755FAD2E066A}"
EndProject
Project("{FAE04EC0-301F-11D3-BF4B-00C04F79EFBC}") = "WebApplication_Services", "WebApplication_Services\WebApplication_Services.csproj", "{64C88028-C29B-4ACE-B42C-19E0E3A09489}"
EndProject
Global
	GlobalSection(SolutionConfigurationPlatforms) = preSolution
		Debug|Any CPU = Debug|Any CPU
		Release|Any CPU = Release|Any CPU
	EndGlobalSection
	GlobalSection(ProjectConfigurationPlatforms) = postSolution
		{9B7A03A1-034B-4046-8591-E67B9350708D}.Debug|Any CPU.ActiveCfg = Debug|Any CPU
		{9B7A03A1-034B-4046-8591-E67B9350708D}.Debug|Any CPU.Build.0 = Debug|Any CPU
		{9B7A03A1-034B-4046-8591-E67B9350708D}.Release|Any CPU.ActiveCfg = Release|Any CPU
		{9B7A03A1-034B-4046-8591-E67B9350708D}.Release|Any CPU.Build.0 = Release|Any CPU
		{18E896B7-9DE2-4B12-B20E-DC652AA7039C}.Debug|Any CPU.ActiveCfg = Debug|Any CPU
		{18E896B7-9DE2-4B12-B20E-DC652AA7039C}.Debug|Any CPU.Build.0 = Debug|Any CPU
		{18E896B7-9DE2-4B12-B20E-DC652AA7039C}.Release|Any CPU.ActiveCfg = Release|Any CPU
		{18E896B7-9DE2-4B12-B20E-DC652AA7039C}.Release|Any CPU.Build.0 = Release|Any CPU
		{0425CEC6-23BF-4FD0-9BDB-9F2B0393FB32}.Debug|Any CPU.ActiveCfg = Debug|Any CPU
		{0425CEC6-23BF-4FD0-9BDB-9F2B0393FB32}.Debug|Any CPU.Build.0 = Debug|Any CPU
		{0425CEC6-23BF-4FD0-9BDB-9F2B0393FB32}.Release|Any CPU.ActiveCfg = Release|Any CPU
		{0425CEC6-23BF-4FD0-9BDB-9F2B0393FB32}.Release|Any CPU.Build.0 = Release|Any CPU
		{2239EE62-9BC4-49B8-A567-1F3A1557AA54}.Debug|Any CPU.ActiveCfg = Debug|Any CPU
		{2239EE62-9BC4-49B8-A567-1F3A1557AA54}.Debug|Any CPU.Build.0 = Debug|Any CPU
		{2239EE62-9BC4-49B8-A567-1F3A1557AA54}.Release|Any CPU.ActiveCfg = Release|Any CPU
		{2239EE62-9BC4-49B8-A567-1F3A1557AA54}.Release|Any CPU.Build.0 = Release|Any CPU
		{7F3B54CA-8B13-40F7-B182-755FAD2E066A}.Debug|Any CPU.ActiveCfg = Debug|Any CPU
		{7F3B54CA-8B13-40F7-B182-755FAD2E066A}.Debug|Any CPU.Build.0 = Debug|Any CPU
		{7F3B54CA-8B13-40F7-B182-755FAD2E066A}.Release|Any CPU.ActiveCfg = Release|Any CPU
		{7F3B54CA-8B13-40F7-B182-755FAD2E066A}.Release|Any CPU.Build.0 = Release|Any CPU
		{64C88028-C29B-4ACE-B42C-19E0E3A09489}.Debug|Any CPU.ActiveCfg = Debug|Any CPU
		{64C88028-C29B-4ACE-B42C-19E0E3A09489}.Debug|Any CPU.Build.0 = Debug|Any CPU
		{64C88028-C29B-4ACE-B42C-19E0E3A09489}.Release|Any CPU.ActiveCfg = Release|Any CPU
		{64C88028-C29B-4ACE-B42C-19E0E3A09489}.Release|Any CPU.Build.0 = Release|Any CPU
	EndGlobalSection
	GlobalSection(SolutionProperties) = preSolution
		HideSolutionNode = FALSE
	EndGlobalSection
	GlobalSection(ExtensibilityGlobals) = postSolution
		SolutionGuid = {462C91D1-3918-4C17-9283-A54B4D9EE196}
	EndGlobalSection
EndGlobal
