
Microsoft Visual Studio Solution File, Format Version 12.00
# Visual Studio Version 17
VisualStudioVersion = 17.8.34511.84
MinimumVisualStudioVersion = 10.0.40219.1
Project("{9A19103F-16F7-4668-BE54-9A1E7A4F7556}") = "WebStore", "Store\WebStore.csproj", "{9B7A03A1-034B-4046-8591-E67B9350708D}"
EndProject
Global
	GlobalSection(SolutionConfigurationPlatforms) = preSolution
		Debug|Any CPU = Debug|Any CPU
		Release|Any CPU = Release|Any CPU
	EndGlobalSection
	GlobalSection(ProjectConfigurationPlatforms) = postSolution
		{9B7A03A1-034B-4046-8591-E67B9350708D}.Debug|Any CPU.ActiveCfg = Debug|Any CPU
		{9B7A03A1-034B-4046-8591-E67B9350708D}.Debug|Any CPU.Build.0 = Debug|Any CPU
		{9B7A03A1-034B-4046-8591-E67B9350708D}.Release|Any CPU.ActiveCfg = Release|Any CPU
		{9B7A03A1-034B-4046-8591-E67B9350708D}.Release|Any CPU.Build.0 = Release|Any CPU
	EndGlobalSection
	GlobalSection(SolutionProperties) = preSolution
		HideSolutionNode = FALSE
	EndGlobalSection
	GlobalSection(ExtensibilityGlobals) = postSolution
		SolutionGuid = {462C91D1-3918-4C17-9283-A54B4D9EE196}
	EndGlobalSection
EndGlobal
